
Microsoft Visual Studio Solution File, Format Version 12.00
# Visual Studio Version 17
VisualStudioVersion = 17.0.31903.59
MinimumVisualStudioVersion = 10.0.40219.1
Project("{FAE04EC0-301F-11D3-BF4B-00C04F79EFBC}") = "AcademicAssistant", "AcademicAssistant\AcademicAssistant.csproj", "{64B5A329-B632-4C93-812E-A09F07552A54}"
EndProject
Project("{FAE04EC0-301F-11D3-BF4B-00C04F79EFBC}") = "AcademicAssistant.Core", "AcademicAssistant.Core\AcademicAssistant.Core.csproj", "{F569E3E1-07C8-4598-93C1-57F98BA73FF8}"
EndProject
Project("{FAE04EC0-301F-11D3-BF4B-00C04F79EFBC}") = "AcademicAssistant.Repositories", "AcademicAssistant.Repositories\AcademicAssistant.Repositories.csproj", "{FDBB35B2-64BB-4C79-9D54-B718D229E224}"
EndProject
Project("{FAE04EC0-301F-11D3-BF4B-00C04F79EFBC}") = "AcademicAssistant.Tests", "AcademicAssistant.Tests\AcademicAssistant.Tests.csproj", "{9C084DD6-B3DC-4E34-95F9-2BC021777E05}"
EndProject
Global
	GlobalSection(SolutionConfigurationPlatforms) = preSolution
		Debug|Any CPU = Debug|Any CPU
		Release|Any CPU = Release|Any CPU
	EndGlobalSection
	GlobalSection(SolutionProperties) = preSolution
		HideSolutionNode = FALSE
	EndGlobalSection
	GlobalSection(ProjectConfigurationPlatforms) = postSolution
		{64B5A329-B632-4C93-812E-A09F07552A54}.Debug|Any CPU.ActiveCfg = Debug|Any CPU
		{64B5A329-B632-4C93-812E-A09F07552A54}.Debug|Any CPU.Build.0 = Debug|Any CPU
		{64B5A329-B632-4C93-812E-A09F07552A54}.Release|Any CPU.ActiveCfg = Release|Any CPU
		{64B5A329-B632-4C93-812E-A09F07552A54}.Release|Any CPU.Build.0 = Release|Any CPU
		{F569E3E1-07C8-4598-93C1-57F98BA73FF8}.Debug|Any CPU.ActiveCfg = Debug|Any CPU
		{F569E3E1-07C8-4598-93C1-57F98BA73FF8}.Debug|Any CPU.Build.0 = Debug|Any CPU
		{F569E3E1-07C8-4598-93C1-57F98BA73FF8}.Release|Any CPU.ActiveCfg = Release|Any CPU
		{F569E3E1-07C8-4598-93C1-57F98BA73FF8}.Release|Any CPU.Build.0 = Release|Any CPU
		{FDBB35B2-64BB-4C79-9D54-B718D229E224}.Debug|Any CPU.ActiveCfg = Debug|Any CPU
		{FDBB35B2-64BB-4C79-9D54-B718D229E224}.Debug|Any CPU.Build.0 = Debug|Any CPU
		{FDBB35B2-64BB-4C79-9D54-B718D229E224}.Release|Any CPU.ActiveCfg = Release|Any CPU
		{FDBB35B2-64BB-4C79-9D54-B718D229E224}.Release|Any CPU.Build.0 = Release|Any CPU
		{9C084DD6-B3DC-4E34-95F9-2BC021777E05}.Debug|Any CPU.ActiveCfg = Debug|Any CPU
		{9C084DD6-B3DC-4E34-95F9-2BC021777E05}.Debug|Any CPU.Build.0 = Debug|Any CPU
		{9C084DD6-B3DC-4E34-95F9-2BC021777E05}.Release|Any CPU.ActiveCfg = Release|Any CPU
		{9C084DD6-B3DC-4E34-95F9-2BC021777E05}.Release|Any CPU.Build.0 = Release|Any CPU
	EndGlobalSection
EndGlobal
